
Microsoft Visual Studio Solution File, Format Version 12.00
# Visual Studio Version 17
VisualStudioVersion = 17.9.34616.47
MinimumVisualStudioVersion = 10.0.40219.1
Project("{FAE04EC0-301F-11D3-BF4B-00C04F79EFBC}") = "Demo118 - WPFBinding", "Demo118 - WPFBinding\Demo118 - WPFBinding.csproj", "{A79E7A97-6190-46A4-8548-0C6373A55F70}"
EndProject
Global
	GlobalSection(SolutionConfigurationPlatforms) = preSolution
		Debug|Any CPU = Debug|Any CPU
		Release|Any CPU = Release|Any CPU
	EndGlobalSection
	GlobalSection(ProjectConfigurationPlatforms) = postSolution
		{A79E7A97-6190-46A4-8548-0C6373A55F70}.Debug|Any CPU.ActiveCfg = Debug|Any CPU
		{A79E7A97-6190-46A4-8548-0C6373A55F70}.Debug|Any CPU.Build.0 = Debug|Any CPU
		{A79E7A97-6190-46A4-8548-0C6373A55F70}.Release|Any CPU.ActiveCfg = Release|Any CPU
		{A79E7A97-6190-46A4-8548-0C6373A55F70}.Release|Any CPU.Build.0 = Release|Any CPU
	EndGlobalSection
	GlobalSection(SolutionProperties) = preSolution
		HideSolutionNode = FALSE
	EndGlobalSection
	GlobalSection(ExtensibilityGlobals) = postSolution
		SolutionGuid = {9E39C415-F9BB-4DF8-98B5-B70E6DDEB6CF}
	EndGlobalSection
EndGlobal
