
Microsoft Visual Studio Solution File, Format Version 12.00
# Visual Studio Version 17
VisualStudioVersion = 17.10.34928.147
MinimumVisualStudioVersion = 10.0.40219.1
Project("{9A19103F-16F7-4668-BE54-9A1E7A4F7556}") = "Demo144 - HttpClient", "Demo144 - HttpClient\Demo144 - HttpClient.csproj", "{32769696-7FEF-43B9-884D-CBF80EAF32D9}"
EndProject
Project("{FAE04EC0-301F-11D3-BF4B-00C04F79EFBC}") = "Demo144 - WebApi", "Demo144 - WebApi\Demo144 - WebApi.csproj", "{5B4FDAE9-1BC5-4192-BD4D-CAA6F9385F4F}"
EndProject
Global
	GlobalSection(SolutionConfigurationPlatforms) = preSolution
		Debug|Any CPU = Debug|Any CPU
		Release|Any CPU = Release|Any CPU
	EndGlobalSection
	GlobalSection(ProjectConfigurationPlatforms) = postSolution
		{32769696-7FEF-43B9-884D-CBF80EAF32D9}.Debug|Any CPU.ActiveCfg = Debug|Any CPU
		{32769696-7FEF-43B9-884D-CBF80EAF32D9}.Debug|Any CPU.Build.0 = Debug|Any CPU
		{32769696-7FEF-43B9-884D-CBF80EAF32D9}.Release|Any CPU.ActiveCfg = Release|Any CPU
		{32769696-7FEF-43B9-884D-CBF80EAF32D9}.Release|Any CPU.Build.0 = Release|Any CPU
		{5B4FDAE9-1BC5-4192-BD4D-CAA6F9385F4F}.Debug|Any CPU.ActiveCfg = Debug|Any CPU
		{5B4FDAE9-1BC5-4192-BD4D-CAA6F9385F4F}.Debug|Any CPU.Build.0 = Debug|Any CPU
		{5B4FDAE9-1BC5-4192-BD4D-CAA6F9385F4F}.Release|Any CPU.ActiveCfg = Release|Any CPU
		{5B4FDAE9-1BC5-4192-BD4D-CAA6F9385F4F}.Release|Any CPU.Build.0 = Release|Any CPU
	EndGlobalSection
	GlobalSection(SolutionProperties) = preSolution
		HideSolutionNode = FALSE
	EndGlobalSection
	GlobalSection(ExtensibilityGlobals) = postSolution
		SolutionGuid = {614A81EB-53BF-48B1-B2ED-9448B2EB7EF0}
	EndGlobalSection
EndGlobal
