
Microsoft Visual Studio Solution File, Format Version 12.00
# Visual Studio Version 17
VisualStudioVersion = 17.3.32804.467
MinimumVisualStudioVersion = 10.0.40219.1
Project("{FAE04EC0-301F-11D3-BF4B-00C04F79EFBC}") = "Demo03 - VisualStudioFeatures", "Demo03 - VisualStudioFeatures\Demo03 - VisualStudioFeatures.csproj", "{82DDDCBB-476E-4132-8293-A45F0C0F2D08}"
EndProject
Global
	GlobalSection(SolutionConfigurationPlatforms) = preSolution
		Debug|Any CPU = Debug|Any CPU
		Release|Any CPU = Release|Any CPU
	EndGlobalSection
	GlobalSection(ProjectConfigurationPlatforms) = postSolution
		{82DDDCBB-476E-4132-8293-A45F0C0F2D08}.Debug|Any CPU.ActiveCfg = Debug|Any CPU
		{82DDDCBB-476E-4132-8293-A45F0C0F2D08}.Debug|Any CPU.Build.0 = Debug|Any CPU
		{82DDDCBB-476E-4132-8293-A45F0C0F2D08}.Release|Any CPU.ActiveCfg = Release|Any CPU
		{82DDDCBB-476E-4132-8293-A45F0C0F2D08}.Release|Any CPU.Build.0 = Release|Any CPU
	EndGlobalSection
	GlobalSection(SolutionProperties) = preSolution
		HideSolutionNode = FALSE
	EndGlobalSection
	GlobalSection(ExtensibilityGlobals) = postSolution
		SolutionGuid = {BECFB4E2-7690-4B2D-A54F-09FE8B1C10CC}
	EndGlobalSection
EndGlobal
