
Microsoft Visual Studio Solution File, Format Version 12.00
# Visual Studio Version 17
VisualStudioVersion = 17.10.34928.147
MinimumVisualStudioVersion = 10.0.40219.1
Project("{FAE04EC0-301F-11D3-BF4B-00C04F79EFBC}") = "Demo136 - JsonSerialization", "Demo136 - JsonSerialization\Demo136 - JsonSerialization.csproj", "{4216F401-D603-435B-A69B-1D34CC4CA31B}"
EndProject
Global
	GlobalSection(SolutionConfigurationPlatforms) = preSolution
		Debug|Any CPU = Debug|Any CPU
		Release|Any CPU = Release|Any CPU
	EndGlobalSection
	GlobalSection(ProjectConfigurationPlatforms) = postSolution
		{4216F401-D603-435B-A69B-1D34CC4CA31B}.Debug|Any CPU.ActiveCfg = Debug|Any CPU
		{4216F401-D603-435B-A69B-1D34CC4CA31B}.Debug|Any CPU.Build.0 = Debug|Any CPU
		{4216F401-D603-435B-A69B-1D34CC4CA31B}.Release|Any CPU.ActiveCfg = Release|Any CPU
		{4216F401-D603-435B-A69B-1D34CC4CA31B}.Release|Any CPU.Build.0 = Release|Any CPU
	EndGlobalSection
	GlobalSection(SolutionProperties) = preSolution
		HideSolutionNode = FALSE
	EndGlobalSection
	GlobalSection(ExtensibilityGlobals) = postSolution
		SolutionGuid = {1D75356F-6888-4804-9072-0094E1B31AD3}
	EndGlobalSection
EndGlobal
