
Microsoft Visual Studio Solution File, Format Version 12.00
# Visual Studio Version 17
VisualStudioVersion = 17.7.34202.233
MinimumVisualStudioVersion = 10.0.40219.1
Project("{FAE04EC0-301F-11D3-BF4B-00C04F79EFBC}") = "Demo89 - LINQOperators3", "Demo89 - LINQOperators3\Demo89 - LINQOperators3.csproj", "{6336EABD-0C92-442D-85BF-78A0FC972377}"
EndProject
Global
	GlobalSection(SolutionConfigurationPlatforms) = preSolution
		Debug|Any CPU = Debug|Any CPU
		Release|Any CPU = Release|Any CPU
	EndGlobalSection
	GlobalSection(ProjectConfigurationPlatforms) = postSolution
		{6336EABD-0C92-442D-85BF-78A0FC972377}.Debug|Any CPU.ActiveCfg = Debug|Any CPU
		{6336EABD-0C92-442D-85BF-78A0FC972377}.Debug|Any CPU.Build.0 = Debug|Any CPU
		{6336EABD-0C92-442D-85BF-78A0FC972377}.Release|Any CPU.ActiveCfg = Release|Any CPU
		{6336EABD-0C92-442D-85BF-78A0FC972377}.Release|Any CPU.Build.0 = Release|Any CPU
	EndGlobalSection
	GlobalSection(SolutionProperties) = preSolution
		HideSolutionNode = FALSE
	EndGlobalSection
	GlobalSection(ExtensibilityGlobals) = postSolution
		SolutionGuid = {ABBCEDDB-E5AF-4584-B3C1-F7AFC7200DC8}
	EndGlobalSection
EndGlobal
