
Microsoft Visual Studio Solution File, Format Version 12.00
# Visual Studio Version 17
VisualStudioVersion = 17.4.33110.190
MinimumVisualStudioVersion = 10.0.40219.1
Project("{FAE04EC0-301F-11D3-BF4B-00C04F79EFBC}") = "Demo14 - SwitchStatement", "Demo14 - SwitchStatement\Demo14 - SwitchStatement.csproj", "{4E8F4AAB-1386-4A23-AA3D-2B7343C2AE68}"
EndProject
Global
	GlobalSection(SolutionConfigurationPlatforms) = preSolution
		Debug|Any CPU = Debug|Any CPU
		Release|Any CPU = Release|Any CPU
	EndGlobalSection
	GlobalSection(ProjectConfigurationPlatforms) = postSolution
		{4E8F4AAB-1386-4A23-AA3D-2B7343C2AE68}.Debug|Any CPU.ActiveCfg = Debug|Any CPU
		{4E8F4AAB-1386-4A23-AA3D-2B7343C2AE68}.Debug|Any CPU.Build.0 = Debug|Any CPU
		{4E8F4AAB-1386-4A23-AA3D-2B7343C2AE68}.Release|Any CPU.ActiveCfg = Release|Any CPU
		{4E8F4AAB-1386-4A23-AA3D-2B7343C2AE68}.Release|Any CPU.Build.0 = Release|Any CPU
	EndGlobalSection
	GlobalSection(SolutionProperties) = preSolution
		HideSolutionNode = FALSE
	EndGlobalSection
	GlobalSection(ExtensibilityGlobals) = postSolution
		SolutionGuid = {EACFE1F3-2543-4B6E-AD59-8BD3214A5F1B}
	EndGlobalSection
EndGlobal
