
Microsoft Visual Studio Solution File, Format Version 12.00
# Visual Studio Version 17
VisualStudioVersion = 17.3.32825.248
MinimumVisualStudioVersion = 10.0.40219.1
Project("{FAE04EC0-301F-11D3-BF4B-00C04F79EFBC}") = "Demo10 - TypeCasting", "Demo10 - TypeCasting\Demo10 - TypeCasting.csproj", "{FEFCFFA4-8803-419F-8C00-5A1F76E0CAF7}"
EndProject
Global
	GlobalSection(SolutionConfigurationPlatforms) = preSolution
		Debug|Any CPU = Debug|Any CPU
		Release|Any CPU = Release|Any CPU
	EndGlobalSection
	GlobalSection(ProjectConfigurationPlatforms) = postSolution
		{FEFCFFA4-8803-419F-8C00-5A1F76E0CAF7}.Debug|Any CPU.ActiveCfg = Debug|Any CPU
		{FEFCFFA4-8803-419F-8C00-5A1F76E0CAF7}.Debug|Any CPU.Build.0 = Debug|Any CPU
		{FEFCFFA4-8803-419F-8C00-5A1F76E0CAF7}.Release|Any CPU.ActiveCfg = Release|Any CPU
		{FEFCFFA4-8803-419F-8C00-5A1F76E0CAF7}.Release|Any CPU.Build.0 = Release|Any CPU
	EndGlobalSection
	GlobalSection(SolutionProperties) = preSolution
		HideSolutionNode = FALSE
	EndGlobalSection
	GlobalSection(ExtensibilityGlobals) = postSolution
		SolutionGuid = {00FD93F7-5933-4059-A448-4DEE29C82259}
	EndGlobalSection
EndGlobal
