
Microsoft Visual Studio Solution File, Format Version 12.00
# Visual Studio Version 17
VisualStudioVersion = 17.6.33723.286
MinimumVisualStudioVersion = 10.0.40219.1
Project("{FAE04EC0-301F-11D3-BF4B-00C04F79EFBC}") = "Demo47 - Indexers", "Demo47 - Indexers\Demo47 - Indexers.csproj", "{7BC57C31-3E06-42C6-A249-9084650F435B}"
EndProject
Global
	GlobalSection(SolutionConfigurationPlatforms) = preSolution
		Debug|Any CPU = Debug|Any CPU
		Release|Any CPU = Release|Any CPU
	EndGlobalSection
	GlobalSection(ProjectConfigurationPlatforms) = postSolution
		{7BC57C31-3E06-42C6-A249-9084650F435B}.Debug|Any CPU.ActiveCfg = Debug|Any CPU
		{7BC57C31-3E06-42C6-A249-9084650F435B}.Debug|Any CPU.Build.0 = Debug|Any CPU
		{7BC57C31-3E06-42C6-A249-9084650F435B}.Release|Any CPU.ActiveCfg = Release|Any CPU
		{7BC57C31-3E06-42C6-A249-9084650F435B}.Release|Any CPU.Build.0 = Release|Any CPU
	EndGlobalSection
	GlobalSection(SolutionProperties) = preSolution
		HideSolutionNode = FALSE
	EndGlobalSection
	GlobalSection(ExtensibilityGlobals) = postSolution
		SolutionGuid = {85E1610D-503C-4A3C-A687-E18C005F489B}
	EndGlobalSection
EndGlobal
