
Microsoft Visual Studio Solution File, Format Version 12.00
# Visual Studio Version 17
VisualStudioVersion = 17.5.33627.172
MinimumVisualStudioVersion = 10.0.40219.1
Project("{FAE04EC0-301F-11D3-BF4B-00C04F79EFBC}") = "Demo46 - StudentsManager", "Demo46 - StudentsManager\Demo46 - StudentsManager.csproj", "{2836A2E6-1A5F-404E-99CE-9DCEDEAB60E3}"
EndProject
Global
	GlobalSection(SolutionConfigurationPlatforms) = preSolution
		Debug|Any CPU = Debug|Any CPU
		Release|Any CPU = Release|Any CPU
	EndGlobalSection
	GlobalSection(ProjectConfigurationPlatforms) = postSolution
		{2836A2E6-1A5F-404E-99CE-9DCEDEAB60E3}.Debug|Any CPU.ActiveCfg = Debug|Any CPU
		{2836A2E6-1A5F-404E-99CE-9DCEDEAB60E3}.Debug|Any CPU.Build.0 = Debug|Any CPU
		{2836A2E6-1A5F-404E-99CE-9DCEDEAB60E3}.Release|Any CPU.ActiveCfg = Release|Any CPU
		{2836A2E6-1A5F-404E-99CE-9DCEDEAB60E3}.Release|Any CPU.Build.0 = Release|Any CPU
	EndGlobalSection
	GlobalSection(SolutionProperties) = preSolution
		HideSolutionNode = FALSE
	EndGlobalSection
	GlobalSection(ExtensibilityGlobals) = postSolution
		SolutionGuid = {131DCF6A-92F5-4A0A-A410-51BD89A84741}
	EndGlobalSection
EndGlobal
