
Microsoft Visual Studio Solution File, Format Version 12.00
# Visual Studio Version 17
VisualStudioVersion = 17.10.34928.147
MinimumVisualStudioVersion = 10.0.40219.1
Project("{FAE04EC0-301F-11D3-BF4B-00C04F79EFBC}") = "Demo135 - XmlSerialization", "Demo135 - XmlSerialization\Demo135 - XmlSerialization.csproj", "{3DA2F939-ADB3-4BCF-906D-8FB4C0A4D788}"
EndProject
Global
	GlobalSection(SolutionConfigurationPlatforms) = preSolution
		Debug|Any CPU = Debug|Any CPU
		Release|Any CPU = Release|Any CPU
	EndGlobalSection
	GlobalSection(ProjectConfigurationPlatforms) = postSolution
		{3DA2F939-ADB3-4BCF-906D-8FB4C0A4D788}.Debug|Any CPU.ActiveCfg = Debug|Any CPU
		{3DA2F939-ADB3-4BCF-906D-8FB4C0A4D788}.Debug|Any CPU.Build.0 = Debug|Any CPU
		{3DA2F939-ADB3-4BCF-906D-8FB4C0A4D788}.Release|Any CPU.ActiveCfg = Release|Any CPU
		{3DA2F939-ADB3-4BCF-906D-8FB4C0A4D788}.Release|Any CPU.Build.0 = Release|Any CPU
	EndGlobalSection
	GlobalSection(SolutionProperties) = preSolution
		HideSolutionNode = FALSE
	EndGlobalSection
	GlobalSection(ExtensibilityGlobals) = postSolution
		SolutionGuid = {872E8019-DCED-472C-8DB4-EDBD103D94A1}
	EndGlobalSection
EndGlobal
