
Microsoft Visual Studio Solution File, Format Version 12.00
# Visual Studio Version 17
VisualStudioVersion = 17.8.34330.188
MinimumVisualStudioVersion = 10.0.40219.1
Project("{FAE04EC0-301F-11D3-BF4B-00C04F79EFBC}") = "Demo98 - AppDomains", "Demo98 - AppDomains\Demo98 - AppDomains.csproj", "{00FB526A-4267-4FC0-B9BD-FAA46F32C199}"
EndProject
Global
	GlobalSection(SolutionConfigurationPlatforms) = preSolution
		Debug|Any CPU = Debug|Any CPU
		Release|Any CPU = Release|Any CPU
	EndGlobalSection
	GlobalSection(ProjectConfigurationPlatforms) = postSolution
		{00FB526A-4267-4FC0-B9BD-FAA46F32C199}.Debug|Any CPU.ActiveCfg = Debug|Any CPU
		{00FB526A-4267-4FC0-B9BD-FAA46F32C199}.Debug|Any CPU.Build.0 = Debug|Any CPU
		{00FB526A-4267-4FC0-B9BD-FAA46F32C199}.Release|Any CPU.ActiveCfg = Release|Any CPU
		{00FB526A-4267-4FC0-B9BD-FAA46F32C199}.Release|Any CPU.Build.0 = Release|Any CPU
	EndGlobalSection
	GlobalSection(SolutionProperties) = preSolution
		HideSolutionNode = FALSE
	EndGlobalSection
	GlobalSection(ExtensibilityGlobals) = postSolution
		SolutionGuid = {B7F10D19-4BE9-4327-91AF-6957A902C2C9}
	EndGlobalSection
EndGlobal
