
Microsoft Visual Studio Solution File, Format Version 12.00
# Visual Studio Version 17
VisualStudioVersion = 17.9.34701.34
MinimumVisualStudioVersion = 10.0.40219.1
Project("{FAE04EC0-301F-11D3-BF4B-00C04F79EFBC}") = "Demo123 - ReflectionPart2", "Demo123 - ReflectionPart2\Demo123 - ReflectionPart2.csproj", "{E4203D2F-E035-45AE-9523-DD3A7BC3C536}"
EndProject
Global
	GlobalSection(SolutionConfigurationPlatforms) = preSolution
		Debug|Any CPU = Debug|Any CPU
		Release|Any CPU = Release|Any CPU
	EndGlobalSection
	GlobalSection(ProjectConfigurationPlatforms) = postSolution
		{E4203D2F-E035-45AE-9523-DD3A7BC3C536}.Debug|Any CPU.ActiveCfg = Debug|Any CPU
		{E4203D2F-E035-45AE-9523-DD3A7BC3C536}.Debug|Any CPU.Build.0 = Debug|Any CPU
		{E4203D2F-E035-45AE-9523-DD3A7BC3C536}.Release|Any CPU.ActiveCfg = Release|Any CPU
		{E4203D2F-E035-45AE-9523-DD3A7BC3C536}.Release|Any CPU.Build.0 = Release|Any CPU
	EndGlobalSection
	GlobalSection(SolutionProperties) = preSolution
		HideSolutionNode = FALSE
	EndGlobalSection
	GlobalSection(ExtensibilityGlobals) = postSolution
		SolutionGuid = {B20F25A4-DD6D-40CC-9DC1-94092B6596BC}
	EndGlobalSection
EndGlobal
