
Microsoft Visual Studio Solution File, Format Version 12.00
# Visual Studio Version 17
VisualStudioVersion = 17.4.33122.133
MinimumVisualStudioVersion = 10.0.40219.1
Project("{FAE04EC0-301F-11D3-BF4B-00C04F79EFBC}") = "Demo23 - GotoStatement", "Demo23 - GotoStatement\Demo23 - GotoStatement.csproj", "{A96CFA12-46AF-43C0-850E-EBBC69885756}"
EndProject
Global
	GlobalSection(SolutionConfigurationPlatforms) = preSolution
		Debug|Any CPU = Debug|Any CPU
		Release|Any CPU = Release|Any CPU
	EndGlobalSection
	GlobalSection(ProjectConfigurationPlatforms) = postSolution
		{A96CFA12-46AF-43C0-850E-EBBC69885756}.Debug|Any CPU.ActiveCfg = Debug|Any CPU
		{A96CFA12-46AF-43C0-850E-EBBC69885756}.Debug|Any CPU.Build.0 = Debug|Any CPU
		{A96CFA12-46AF-43C0-850E-EBBC69885756}.Release|Any CPU.ActiveCfg = Release|Any CPU
		{A96CFA12-46AF-43C0-850E-EBBC69885756}.Release|Any CPU.Build.0 = Release|Any CPU
	EndGlobalSection
	GlobalSection(SolutionProperties) = preSolution
		HideSolutionNode = FALSE
	EndGlobalSection
	GlobalSection(ExtensibilityGlobals) = postSolution
		SolutionGuid = {1BB202B9-FCD5-43AB-9354-6D3175D1F8D3}
	EndGlobalSection
EndGlobal
