
Microsoft Visual Studio Solution File, Format Version 12.00
# Visual Studio Version 17
VisualStudioVersion = 17.7.34031.279
MinimumVisualStudioVersion = 10.0.40219.1
Project("{FAE04EC0-301F-11D3-BF4B-00C04F79EFBC}") = "Demo82 - ExceptionsComplementary", "Demo82 - ExceptionsComplementary\Demo82 - ExceptionsComplementary.csproj", "{689EA5AA-F43C-44D2-91EB-4C7824955E9B}"
EndProject
Global
	GlobalSection(SolutionConfigurationPlatforms) = preSolution
		Debug|Any CPU = Debug|Any CPU
		Release|Any CPU = Release|Any CPU
	EndGlobalSection
	GlobalSection(ProjectConfigurationPlatforms) = postSolution
		{689EA5AA-F43C-44D2-91EB-4C7824955E9B}.Debug|Any CPU.ActiveCfg = Debug|Any CPU
		{689EA5AA-F43C-44D2-91EB-4C7824955E9B}.Debug|Any CPU.Build.0 = Debug|Any CPU
		{689EA5AA-F43C-44D2-91EB-4C7824955E9B}.Release|Any CPU.ActiveCfg = Release|Any CPU
		{689EA5AA-F43C-44D2-91EB-4C7824955E9B}.Release|Any CPU.Build.0 = Release|Any CPU
	EndGlobalSection
	GlobalSection(SolutionProperties) = preSolution
		HideSolutionNode = FALSE
	EndGlobalSection
	GlobalSection(ExtensibilityGlobals) = postSolution
		SolutionGuid = {1844ACD0-0371-49A7-805B-2F0E5F01B381}
	EndGlobalSection
EndGlobal
