
Microsoft Visual Studio Solution File, Format Version 12.00
# Visual Studio Version 17
VisualStudioVersion = 17.6.33723.286
MinimumVisualStudioVersion = 10.0.40219.1
Project("{FAE04EC0-301F-11D3-BF4B-00C04F79EFBC}") = "Demo50 - IsAsKeyword", "Demo50 - IsAsKeyword\Demo50 - IsAsKeyword.csproj", "{C463CD46-FAF2-4854-BCE6-B557FA3A8DE9}"
EndProject
Global
	GlobalSection(SolutionConfigurationPlatforms) = preSolution
		Debug|Any CPU = Debug|Any CPU
		Release|Any CPU = Release|Any CPU
	EndGlobalSection
	GlobalSection(ProjectConfigurationPlatforms) = postSolution
		{C463CD46-FAF2-4854-BCE6-B557FA3A8DE9}.Debug|Any CPU.ActiveCfg = Debug|Any CPU
		{C463CD46-FAF2-4854-BCE6-B557FA3A8DE9}.Debug|Any CPU.Build.0 = Debug|Any CPU
		{C463CD46-FAF2-4854-BCE6-B557FA3A8DE9}.Release|Any CPU.ActiveCfg = Release|Any CPU
		{C463CD46-FAF2-4854-BCE6-B557FA3A8DE9}.Release|Any CPU.Build.0 = Release|Any CPU
	EndGlobalSection
	GlobalSection(SolutionProperties) = preSolution
		HideSolutionNode = FALSE
	EndGlobalSection
	GlobalSection(ExtensibilityGlobals) = postSolution
		SolutionGuid = {0E8786CC-71AB-4537-BFB5-38B9F996D891}
	EndGlobalSection
EndGlobal
