
Microsoft Visual Studio Solution File, Format Version 12.00
# Visual Studio Version 17
VisualStudioVersion = 17.7.34024.191
MinimumVisualStudioVersion = 10.0.40219.1
Project("{FAE04EC0-301F-11D3-BF4B-00C04F79EFBC}") = "Demo77 - AnonymousTypes", "Demo77 - AnonymousTypes\Demo77 - AnonymousTypes.csproj", "{B0537997-A98C-460F-B27D-2C670365B84A}"
EndProject
Global
	GlobalSection(SolutionConfigurationPlatforms) = preSolution
		Debug|Any CPU = Debug|Any CPU
		Release|Any CPU = Release|Any CPU
	EndGlobalSection
	GlobalSection(ProjectConfigurationPlatforms) = postSolution
		{B0537997-A98C-460F-B27D-2C670365B84A}.Debug|Any CPU.ActiveCfg = Debug|Any CPU
		{B0537997-A98C-460F-B27D-2C670365B84A}.Debug|Any CPU.Build.0 = Debug|Any CPU
		{B0537997-A98C-460F-B27D-2C670365B84A}.Release|Any CPU.ActiveCfg = Release|Any CPU
		{B0537997-A98C-460F-B27D-2C670365B84A}.Release|Any CPU.Build.0 = Release|Any CPU
	EndGlobalSection
	GlobalSection(SolutionProperties) = preSolution
		HideSolutionNode = FALSE
	EndGlobalSection
	GlobalSection(ExtensibilityGlobals) = postSolution
		SolutionGuid = {A253AABE-F239-4784-8443-80BB59A18A87}
	EndGlobalSection
EndGlobal
