
Microsoft Visual Studio Solution File, Format Version 12.00
# Visual Studio Version 17
VisualStudioVersion = 17.6.33829.357
MinimumVisualStudioVersion = 10.0.40219.1
Project("{FAE04EC0-301F-11D3-BF4B-00C04F79EFBC}") = "Demo63 - CustomCasts", "Demo63 - CustomCasts\Demo63 - CustomCasts.csproj", "{0322BE3A-41BC-46B2-98C5-B45F65EA1884}"
EndProject
Global
	GlobalSection(SolutionConfigurationPlatforms) = preSolution
		Debug|Any CPU = Debug|Any CPU
		Release|Any CPU = Release|Any CPU
	EndGlobalSection
	GlobalSection(ProjectConfigurationPlatforms) = postSolution
		{0322BE3A-41BC-46B2-98C5-B45F65EA1884}.Debug|Any CPU.ActiveCfg = Debug|Any CPU
		{0322BE3A-41BC-46B2-98C5-B45F65EA1884}.Debug|Any CPU.Build.0 = Debug|Any CPU
		{0322BE3A-41BC-46B2-98C5-B45F65EA1884}.Release|Any CPU.ActiveCfg = Release|Any CPU
		{0322BE3A-41BC-46B2-98C5-B45F65EA1884}.Release|Any CPU.Build.0 = Release|Any CPU
	EndGlobalSection
	GlobalSection(SolutionProperties) = preSolution
		HideSolutionNode = FALSE
	EndGlobalSection
	GlobalSection(ExtensibilityGlobals) = postSolution
		SolutionGuid = {886B1EB9-648E-4898-91C8-D389A7E1CA51}
	EndGlobalSection
EndGlobal
