
Microsoft Visual Studio Solution File, Format Version 12.00
# Visual Studio Version 17
VisualStudioVersion = 17.6.33723.286
MinimumVisualStudioVersion = 10.0.40219.1
Project("{FAE04EC0-301F-11D3-BF4B-00C04F79EFBC}") = "Demo53 - PolymorphismComplementary", "Demo53 - PolymorphismComplementary\Demo53 - PolymorphismComplementary.csproj", "{4F0A4B96-DDE4-4364-9AEB-C3830DAF5629}"
EndProject
Global
	GlobalSection(SolutionConfigurationPlatforms) = preSolution
		Debug|Any CPU = Debug|Any CPU
		Release|Any CPU = Release|Any CPU
	EndGlobalSection
	GlobalSection(ProjectConfigurationPlatforms) = postSolution
		{4F0A4B96-DDE4-4364-9AEB-C3830DAF5629}.Debug|Any CPU.ActiveCfg = Debug|Any CPU
		{4F0A4B96-DDE4-4364-9AEB-C3830DAF5629}.Debug|Any CPU.Build.0 = Debug|Any CPU
		{4F0A4B96-DDE4-4364-9AEB-C3830DAF5629}.Release|Any CPU.ActiveCfg = Release|Any CPU
		{4F0A4B96-DDE4-4364-9AEB-C3830DAF5629}.Release|Any CPU.Build.0 = Release|Any CPU
	EndGlobalSection
	GlobalSection(SolutionProperties) = preSolution
		HideSolutionNode = FALSE
	EndGlobalSection
	GlobalSection(ExtensibilityGlobals) = postSolution
		SolutionGuid = {1EC5738F-1DDD-4379-A29D-2E434EBB46FD}
	EndGlobalSection
EndGlobal
