
Microsoft Visual Studio Solution File, Format Version 12.00
# Visual Studio Version 17
VisualStudioVersion = 17.7.34024.191
MinimumVisualStudioVersion = 10.0.40219.1
Project("{FAE04EC0-301F-11D3-BF4B-00C04F79EFBC}") = "Demo75 - LambdaExpressions", "Demo75 - LambdaExpressions\Demo75 - LambdaExpressions.csproj", "{8119C338-A045-4028-84BD-69B3DDA6749D}"
EndProject
Global
	GlobalSection(SolutionConfigurationPlatforms) = preSolution
		Debug|Any CPU = Debug|Any CPU
		Release|Any CPU = Release|Any CPU
	EndGlobalSection
	GlobalSection(ProjectConfigurationPlatforms) = postSolution
		{8119C338-A045-4028-84BD-69B3DDA6749D}.Debug|Any CPU.ActiveCfg = Debug|Any CPU
		{8119C338-A045-4028-84BD-69B3DDA6749D}.Debug|Any CPU.Build.0 = Debug|Any CPU
		{8119C338-A045-4028-84BD-69B3DDA6749D}.Release|Any CPU.ActiveCfg = Release|Any CPU
		{8119C338-A045-4028-84BD-69B3DDA6749D}.Release|Any CPU.Build.0 = Release|Any CPU
	EndGlobalSection
	GlobalSection(SolutionProperties) = preSolution
		HideSolutionNode = FALSE
	EndGlobalSection
	GlobalSection(ExtensibilityGlobals) = postSolution
		SolutionGuid = {AC330E06-021B-4681-844E-0E46E9B5FC45}
	EndGlobalSection
EndGlobal
