
Microsoft Visual Studio Solution File, Format Version 12.00
# Visual Studio Version 17
VisualStudioVersion = 17.6.33829.357
MinimumVisualStudioVersion = 10.0.40219.1
Project("{FAE04EC0-301F-11D3-BF4B-00C04F79EFBC}") = "Demo59 - BoxingAndUnboxing", "Demo59 - BoxingAndUnboxing\Demo59 - BoxingAndUnboxing.csproj", "{6E20EE3A-10CF-41F1-94BF-DD44D751C128}"
EndProject
Global
	GlobalSection(SolutionConfigurationPlatforms) = preSolution
		Debug|Any CPU = Debug|Any CPU
		Release|Any CPU = Release|Any CPU
	EndGlobalSection
	GlobalSection(ProjectConfigurationPlatforms) = postSolution
		{6E20EE3A-10CF-41F1-94BF-DD44D751C128}.Debug|Any CPU.ActiveCfg = Debug|Any CPU
		{6E20EE3A-10CF-41F1-94BF-DD44D751C128}.Debug|Any CPU.Build.0 = Debug|Any CPU
		{6E20EE3A-10CF-41F1-94BF-DD44D751C128}.Release|Any CPU.ActiveCfg = Release|Any CPU
		{6E20EE3A-10CF-41F1-94BF-DD44D751C128}.Release|Any CPU.Build.0 = Release|Any CPU
	EndGlobalSection
	GlobalSection(SolutionProperties) = preSolution
		HideSolutionNode = FALSE
	EndGlobalSection
	GlobalSection(ExtensibilityGlobals) = postSolution
		SolutionGuid = {7AF285E4-7180-460C-B13B-04385E3F6DC9}
	EndGlobalSection
EndGlobal
