
Microsoft Visual Studio Solution File, Format Version 12.00
# Visual Studio Version 17
VisualStudioVersion = 17.7.34202.233
MinimumVisualStudioVersion = 10.0.40219.1
Project("{FAE04EC0-301F-11D3-BF4B-00C04F79EFBC}") = "Demo91 - DateAndTime", "Demo91 - DateAndTime\Demo91 - DateAndTime.csproj", "{FA2CE00D-063B-4A77-9B0D-909AA6A4DD85}"
EndProject
Global
	GlobalSection(SolutionConfigurationPlatforms) = preSolution
		Debug|Any CPU = Debug|Any CPU
		Release|Any CPU = Release|Any CPU
	EndGlobalSection
	GlobalSection(ProjectConfigurationPlatforms) = postSolution
		{FA2CE00D-063B-4A77-9B0D-909AA6A4DD85}.Debug|Any CPU.ActiveCfg = Debug|Any CPU
		{FA2CE00D-063B-4A77-9B0D-909AA6A4DD85}.Debug|Any CPU.Build.0 = Debug|Any CPU
		{FA2CE00D-063B-4A77-9B0D-909AA6A4DD85}.Release|Any CPU.ActiveCfg = Release|Any CPU
		{FA2CE00D-063B-4A77-9B0D-909AA6A4DD85}.Release|Any CPU.Build.0 = Release|Any CPU
	EndGlobalSection
	GlobalSection(SolutionProperties) = preSolution
		HideSolutionNode = FALSE
	EndGlobalSection
	GlobalSection(ExtensibilityGlobals) = postSolution
		SolutionGuid = {432CDAA5-750B-4020-BE89-B19DB620810B}
	EndGlobalSection
EndGlobal
