
Microsoft Visual Studio Solution File, Format Version 12.00
# Visual Studio Version 17
VisualStudioVersion = 17.6.33829.357
MinimumVisualStudioVersion = 10.0.40219.1
Project("{FAE04EC0-301F-11D3-BF4B-00C04F79EFBC}") = "Demo66 - IoCandDI", "Demo66 - IoCandDI\Demo66 - IoCandDI.csproj", "{EF1D986B-0A89-40F8-8ADA-4CA095DF6BE6}"
EndProject
Global
	GlobalSection(SolutionConfigurationPlatforms) = preSolution
		Debug|Any CPU = Debug|Any CPU
		Release|Any CPU = Release|Any CPU
	EndGlobalSection
	GlobalSection(ProjectConfigurationPlatforms) = postSolution
		{EF1D986B-0A89-40F8-8ADA-4CA095DF6BE6}.Debug|Any CPU.ActiveCfg = Debug|Any CPU
		{EF1D986B-0A89-40F8-8ADA-4CA095DF6BE6}.Debug|Any CPU.Build.0 = Debug|Any CPU
		{EF1D986B-0A89-40F8-8ADA-4CA095DF6BE6}.Release|Any CPU.ActiveCfg = Release|Any CPU
		{EF1D986B-0A89-40F8-8ADA-4CA095DF6BE6}.Release|Any CPU.Build.0 = Release|Any CPU
	EndGlobalSection
	GlobalSection(SolutionProperties) = preSolution
		HideSolutionNode = FALSE
	EndGlobalSection
	GlobalSection(ExtensibilityGlobals) = postSolution
		SolutionGuid = {DAE02424-E373-452E-B025-D92CE9795A42}
	EndGlobalSection
EndGlobal
