
Microsoft Visual Studio Solution File, Format Version 12.00
# Visual Studio Version 17
VisualStudioVersion = 17.10.34928.147
MinimumVisualStudioVersion = 10.0.40219.1
Project("{FAE04EC0-301F-11D3-BF4B-00C04F79EFBC}") = "Demo142 - IPAndEndpoints", "Demo142 - IPAndEndpoints\Demo142 - IPAndEndpoints.csproj", "{7B557382-3BF9-4F9F-8C8A-4BCFDA4104FC}"
EndProject
Global
	GlobalSection(SolutionConfigurationPlatforms) = preSolution
		Debug|Any CPU = Debug|Any CPU
		Release|Any CPU = Release|Any CPU
	EndGlobalSection
	GlobalSection(ProjectConfigurationPlatforms) = postSolution
		{7B557382-3BF9-4F9F-8C8A-4BCFDA4104FC}.Debug|Any CPU.ActiveCfg = Debug|Any CPU
		{7B557382-3BF9-4F9F-8C8A-4BCFDA4104FC}.Debug|Any CPU.Build.0 = Debug|Any CPU
		{7B557382-3BF9-4F9F-8C8A-4BCFDA4104FC}.Release|Any CPU.ActiveCfg = Release|Any CPU
		{7B557382-3BF9-4F9F-8C8A-4BCFDA4104FC}.Release|Any CPU.Build.0 = Release|Any CPU
	EndGlobalSection
	GlobalSection(SolutionProperties) = preSolution
		HideSolutionNode = FALSE
	EndGlobalSection
	GlobalSection(ExtensibilityGlobals) = postSolution
		SolutionGuid = {B1B23F76-3C3D-4782-B110-ABCD50F826A0}
	EndGlobalSection
EndGlobal
