
Microsoft Visual Studio Solution File, Format Version 12.00
# Visual Studio Version 17
VisualStudioVersion = 17.8.34330.188
MinimumVisualStudioVersion = 10.0.40219.1
Project("{FAE04EC0-301F-11D3-BF4B-00C04F79EFBC}") = "Demo99 - Threads", "Demo99 - Threads\Demo99 - Threads.csproj", "{B9482A25-EE97-44CD-B8FF-13E291B6ADC1}"
EndProject
Global
	GlobalSection(SolutionConfigurationPlatforms) = preSolution
		Debug|Any CPU = Debug|Any CPU
		Release|Any CPU = Release|Any CPU
	EndGlobalSection
	GlobalSection(ProjectConfigurationPlatforms) = postSolution
		{B9482A25-EE97-44CD-B8FF-13E291B6ADC1}.Debug|Any CPU.ActiveCfg = Debug|Any CPU
		{B9482A25-EE97-44CD-B8FF-13E291B6ADC1}.Debug|Any CPU.Build.0 = Debug|Any CPU
		{B9482A25-EE97-44CD-B8FF-13E291B6ADC1}.Release|Any CPU.ActiveCfg = Release|Any CPU
		{B9482A25-EE97-44CD-B8FF-13E291B6ADC1}.Release|Any CPU.Build.0 = Release|Any CPU
	EndGlobalSection
	GlobalSection(SolutionProperties) = preSolution
		HideSolutionNode = FALSE
	EndGlobalSection
	GlobalSection(ExtensibilityGlobals) = postSolution
		SolutionGuid = {D1C98C91-703A-4939-9481-CCA26FC9F3C1}
	EndGlobalSection
EndGlobal
