
Microsoft Visual Studio Solution File, Format Version 12.00
# Visual Studio Version 17
VisualStudioVersion = 17.7.34202.233
MinimumVisualStudioVersion = 10.0.40219.1
Project("{FAE04EC0-301F-11D3-BF4B-00C04F79EFBC}") = "Demo87 - LINQOperators1", "Demo87 - LINQOperators1\Demo87 - LINQOperators1.csproj", "{E4171C66-EF65-4DEA-93EB-78ECAD7D5BC0}"
EndProject
Global
	GlobalSection(SolutionConfigurationPlatforms) = preSolution
		Debug|Any CPU = Debug|Any CPU
		Release|Any CPU = Release|Any CPU
	EndGlobalSection
	GlobalSection(ProjectConfigurationPlatforms) = postSolution
		{E4171C66-EF65-4DEA-93EB-78ECAD7D5BC0}.Debug|Any CPU.ActiveCfg = Debug|Any CPU
		{E4171C66-EF65-4DEA-93EB-78ECAD7D5BC0}.Debug|Any CPU.Build.0 = Debug|Any CPU
		{E4171C66-EF65-4DEA-93EB-78ECAD7D5BC0}.Release|Any CPU.ActiveCfg = Release|Any CPU
		{E4171C66-EF65-4DEA-93EB-78ECAD7D5BC0}.Release|Any CPU.Build.0 = Release|Any CPU
	EndGlobalSection
	GlobalSection(SolutionProperties) = preSolution
		HideSolutionNode = FALSE
	EndGlobalSection
	GlobalSection(ExtensibilityGlobals) = postSolution
		SolutionGuid = {75B080D0-529E-476E-B414-5180BBE05598}
	EndGlobalSection
EndGlobal
