
Microsoft Visual Studio Solution File, Format Version 12.00
# Visual Studio Version 17
VisualStudioVersion = 17.10.34928.147
MinimumVisualStudioVersion = 10.0.40219.1
Project("{FAE04EC0-301F-11D3-BF4B-00C04F79EFBC}") = "Demo139 - Claims", "Demo139 - Claims\Demo139 - Claims.csproj", "{6E99C464-8DBC-4C22-90B1-8E340DDAA127}"
EndProject
Global
	GlobalSection(SolutionConfigurationPlatforms) = preSolution
		Debug|Any CPU = Debug|Any CPU
		Release|Any CPU = Release|Any CPU
	EndGlobalSection
	GlobalSection(ProjectConfigurationPlatforms) = postSolution
		{6E99C464-8DBC-4C22-90B1-8E340DDAA127}.Debug|Any CPU.ActiveCfg = Debug|Any CPU
		{6E99C464-8DBC-4C22-90B1-8E340DDAA127}.Debug|Any CPU.Build.0 = Debug|Any CPU
		{6E99C464-8DBC-4C22-90B1-8E340DDAA127}.Release|Any CPU.ActiveCfg = Release|Any CPU
		{6E99C464-8DBC-4C22-90B1-8E340DDAA127}.Release|Any CPU.Build.0 = Release|Any CPU
	EndGlobalSection
	GlobalSection(SolutionProperties) = preSolution
		HideSolutionNode = FALSE
	EndGlobalSection
	GlobalSection(ExtensibilityGlobals) = postSolution
		SolutionGuid = {BA03C01C-D561-481A-91DD-1D8561C5AB1D}
	EndGlobalSection
EndGlobal
