
Microsoft Visual Studio Solution File, Format Version 12.00
# Visual Studio Version 17
VisualStudioVersion = 17.9.34723.18
MinimumVisualStudioVersion = 10.0.40219.1
Project("{FAE04EC0-301F-11D3-BF4B-00C04F79EFBC}") = "Demo128 - EFCore", "Demo128 - EFCore\Demo128 - EFCore.csproj", "{BB05E3B2-EB25-479C-A0F9-3979D4A9C85D}"
EndProject
Global
	GlobalSection(SolutionConfigurationPlatforms) = preSolution
		Debug|Any CPU = Debug|Any CPU
		Release|Any CPU = Release|Any CPU
	EndGlobalSection
	GlobalSection(ProjectConfigurationPlatforms) = postSolution
		{BB05E3B2-EB25-479C-A0F9-3979D4A9C85D}.Debug|Any CPU.ActiveCfg = Debug|Any CPU
		{BB05E3B2-EB25-479C-A0F9-3979D4A9C85D}.Debug|Any CPU.Build.0 = Debug|Any CPU
		{BB05E3B2-EB25-479C-A0F9-3979D4A9C85D}.Release|Any CPU.ActiveCfg = Release|Any CPU
		{BB05E3B2-EB25-479C-A0F9-3979D4A9C85D}.Release|Any CPU.Build.0 = Release|Any CPU
	EndGlobalSection
	GlobalSection(SolutionProperties) = preSolution
		HideSolutionNode = FALSE
	EndGlobalSection
	GlobalSection(ExtensibilityGlobals) = postSolution
		SolutionGuid = {BADEB9DB-A43E-4422-89D9-17EEA257D838}
	EndGlobalSection
EndGlobal
