
Microsoft Visual Studio Solution File, Format Version 12.00
# Visual Studio Version 17
VisualStudioVersion = 17.9.34902.65
MinimumVisualStudioVersion = 10.0.40219.1
Project("{FAE04EC0-301F-11D3-BF4B-00C04F79EFBC}") = "Demo130 - EFCoreLazyLoading", "Demo130 - EFCoreLazyLoading\Demo130 - EFCoreLazyLoading.csproj", "{136A00E9-E4BF-4987-A8B6-19BD3388B041}"
EndProject
Global
	GlobalSection(SolutionConfigurationPlatforms) = preSolution
		Debug|Any CPU = Debug|Any CPU
		Release|Any CPU = Release|Any CPU
	EndGlobalSection
	GlobalSection(ProjectConfigurationPlatforms) = postSolution
		{136A00E9-E4BF-4987-A8B6-19BD3388B041}.Debug|Any CPU.ActiveCfg = Debug|Any CPU
		{136A00E9-E4BF-4987-A8B6-19BD3388B041}.Debug|Any CPU.Build.0 = Debug|Any CPU
		{136A00E9-E4BF-4987-A8B6-19BD3388B041}.Release|Any CPU.ActiveCfg = Release|Any CPU
		{136A00E9-E4BF-4987-A8B6-19BD3388B041}.Release|Any CPU.Build.0 = Release|Any CPU
	EndGlobalSection
	GlobalSection(SolutionProperties) = preSolution
		HideSolutionNode = FALSE
	EndGlobalSection
	GlobalSection(ExtensibilityGlobals) = postSolution
		SolutionGuid = {2A80F3AF-D426-4D4E-8446-FFCA5116DB25}
	EndGlobalSection
EndGlobal
