
Microsoft Visual Studio Solution File, Format Version 12.00
# Visual Studio Version 17
VisualStudioVersion = 17.5.33627.172
MinimumVisualStudioVersion = 10.0.40219.1
Project("{FAE04EC0-301F-11D3-BF4B-00C04F79EFBC}") = "Demo43 - Constructors", "Demo43 - Constructors\Demo43 - Constructors.csproj", "{71B267F3-9B5F-44F4-AB88-43566365B6B0}"
EndProject
Global
	GlobalSection(SolutionConfigurationPlatforms) = preSolution
		Debug|Any CPU = Debug|Any CPU
		Release|Any CPU = Release|Any CPU
	EndGlobalSection
	GlobalSection(ProjectConfigurationPlatforms) = postSolution
		{71B267F3-9B5F-44F4-AB88-43566365B6B0}.Debug|Any CPU.ActiveCfg = Debug|Any CPU
		{71B267F3-9B5F-44F4-AB88-43566365B6B0}.Debug|Any CPU.Build.0 = Debug|Any CPU
		{71B267F3-9B5F-44F4-AB88-43566365B6B0}.Release|Any CPU.ActiveCfg = Release|Any CPU
		{71B267F3-9B5F-44F4-AB88-43566365B6B0}.Release|Any CPU.Build.0 = Release|Any CPU
	EndGlobalSection
	GlobalSection(SolutionProperties) = preSolution
		HideSolutionNode = FALSE
	EndGlobalSection
	GlobalSection(ExtensibilityGlobals) = postSolution
		SolutionGuid = {ED530985-8BFF-46C1-A5BD-607F897B854C}
	EndGlobalSection
EndGlobal
