
Microsoft Visual Studio Solution File, Format Version 12.00
# Visual Studio Version 17
VisualStudioVersion = 17.10.34928.147
MinimumVisualStudioVersion = 10.0.40219.1
Project("{FAE04EC0-301F-11D3-BF4B-00C04F79EFBC}") = "Demo143 - URIs", "Demo143 - URIs\Demo143 - URIs.csproj", "{311E8065-0E2F-456B-A6D7-B677CCB1ED9C}"
EndProject
Global
	GlobalSection(SolutionConfigurationPlatforms) = preSolution
		Debug|Any CPU = Debug|Any CPU
		Release|Any CPU = Release|Any CPU
	EndGlobalSection
	GlobalSection(ProjectConfigurationPlatforms) = postSolution
		{311E8065-0E2F-456B-A6D7-B677CCB1ED9C}.Debug|Any CPU.ActiveCfg = Debug|Any CPU
		{311E8065-0E2F-456B-A6D7-B677CCB1ED9C}.Debug|Any CPU.Build.0 = Debug|Any CPU
		{311E8065-0E2F-456B-A6D7-B677CCB1ED9C}.Release|Any CPU.ActiveCfg = Release|Any CPU
		{311E8065-0E2F-456B-A6D7-B677CCB1ED9C}.Release|Any CPU.Build.0 = Release|Any CPU
	EndGlobalSection
	GlobalSection(SolutionProperties) = preSolution
		HideSolutionNode = FALSE
	EndGlobalSection
	GlobalSection(ExtensibilityGlobals) = postSolution
		SolutionGuid = {DC416B1A-5CA9-4A18-AF20-013B959AF04D}
	EndGlobalSection
EndGlobal
