
Microsoft Visual Studio Solution File, Format Version 12.00
# Visual Studio Version 17
VisualStudioVersion = 17.9.34902.65
MinimumVisualStudioVersion = 10.0.40219.1
Project("{FAE04EC0-301F-11D3-BF4B-00C04F79EFBC}") = "Demo133 - EFCoreDbtoModel", "Demo133 - EFCoreDbtoModel\Demo133 - EFCoreDbtoModel.csproj", "{B510CB0B-3C42-4107-A008-4C1AF615E013}"
EndProject
Global
	GlobalSection(SolutionConfigurationPlatforms) = preSolution
		Debug|Any CPU = Debug|Any CPU
		Release|Any CPU = Release|Any CPU
	EndGlobalSection
	GlobalSection(ProjectConfigurationPlatforms) = postSolution
		{B510CB0B-3C42-4107-A008-4C1AF615E013}.Debug|Any CPU.ActiveCfg = Debug|Any CPU
		{B510CB0B-3C42-4107-A008-4C1AF615E013}.Debug|Any CPU.Build.0 = Debug|Any CPU
		{B510CB0B-3C42-4107-A008-4C1AF615E013}.Release|Any CPU.ActiveCfg = Release|Any CPU
		{B510CB0B-3C42-4107-A008-4C1AF615E013}.Release|Any CPU.Build.0 = Release|Any CPU
	EndGlobalSection
	GlobalSection(SolutionProperties) = preSolution
		HideSolutionNode = FALSE
	EndGlobalSection
	GlobalSection(ExtensibilityGlobals) = postSolution
		SolutionGuid = {CBB64B33-CEDC-40D7-B4A3-934056A905BB}
	EndGlobalSection
EndGlobal
