
Microsoft Visual Studio Solution File, Format Version 12.00
# Visual Studio Version 17
VisualStudioVersion = 17.7.34024.191
MinimumVisualStudioVersion = 10.0.40219.1
Project("{FAE04EC0-301F-11D3-BF4B-00C04F79EFBC}") = "Demo71 - Delegates", "Demo71 - Delegates\Demo71 - Delegates.csproj", "{CEDFB386-9B46-4956-8F81-71642867CA43}"
EndProject
Global
	GlobalSection(SolutionConfigurationPlatforms) = preSolution
		Debug|Any CPU = Debug|Any CPU
		Release|Any CPU = Release|Any CPU
	EndGlobalSection
	GlobalSection(ProjectConfigurationPlatforms) = postSolution
		{CEDFB386-9B46-4956-8F81-71642867CA43}.Debug|Any CPU.ActiveCfg = Debug|Any CPU
		{CEDFB386-9B46-4956-8F81-71642867CA43}.Debug|Any CPU.Build.0 = Debug|Any CPU
		{CEDFB386-9B46-4956-8F81-71642867CA43}.Release|Any CPU.ActiveCfg = Release|Any CPU
		{CEDFB386-9B46-4956-8F81-71642867CA43}.Release|Any CPU.Build.0 = Release|Any CPU
	EndGlobalSection
	GlobalSection(SolutionProperties) = preSolution
		HideSolutionNode = FALSE
	EndGlobalSection
	GlobalSection(ExtensibilityGlobals) = postSolution
		SolutionGuid = {4A16C09E-3CC4-4288-8E98-9699D51282C6}
	EndGlobalSection
EndGlobal
