
Microsoft Visual Studio Solution File, Format Version 12.00
# Visual Studio Version 17
VisualStudioVersion = 17.8.34511.84
MinimumVisualStudioVersion = 10.0.40219.1
Project("{FAE04EC0-301F-11D3-BF4B-00C04F79EFBC}") = "Demo113 - WPFLayouts_Grid", "Demo113 - WPFLayouts_Grid\Demo113 - WPFLayouts_Grid.csproj", "{0B6162B8-4C94-45C1-8283-49890A292066}"
EndProject
Global
	GlobalSection(SolutionConfigurationPlatforms) = preSolution
		Debug|Any CPU = Debug|Any CPU
		Release|Any CPU = Release|Any CPU
	EndGlobalSection
	GlobalSection(ProjectConfigurationPlatforms) = postSolution
		{0B6162B8-4C94-45C1-8283-49890A292066}.Debug|Any CPU.ActiveCfg = Debug|Any CPU
		{0B6162B8-4C94-45C1-8283-49890A292066}.Debug|Any CPU.Build.0 = Debug|Any CPU
		{0B6162B8-4C94-45C1-8283-49890A292066}.Release|Any CPU.ActiveCfg = Release|Any CPU
		{0B6162B8-4C94-45C1-8283-49890A292066}.Release|Any CPU.Build.0 = Release|Any CPU
	EndGlobalSection
	GlobalSection(SolutionProperties) = preSolution
		HideSolutionNode = FALSE
	EndGlobalSection
	GlobalSection(ExtensibilityGlobals) = postSolution
		SolutionGuid = {D2DC6B3C-9503-4EC9-9646-3D2415E90563}
	EndGlobalSection
EndGlobal
