
Microsoft Visual Studio Solution File, Format Version 12.00
# Visual Studio Version 17
VisualStudioVersion = 17.8.34330.188
MinimumVisualStudioVersion = 10.0.40219.1
Project("{FAE04EC0-301F-11D3-BF4B-00C04F79EFBC}") = "Demo101 - ThreadsSynchronization", "Demo101 - ThreadsSynchronization\Demo101 - ThreadsSynchronization.csproj", "{9C4420A9-EABE-45EB-9D8D-96C4D2D27228}"
EndProject
Global
	GlobalSection(SolutionConfigurationPlatforms) = preSolution
		Debug|Any CPU = Debug|Any CPU
		Release|Any CPU = Release|Any CPU
	EndGlobalSection
	GlobalSection(ProjectConfigurationPlatforms) = postSolution
		{9C4420A9-EABE-45EB-9D8D-96C4D2D27228}.Debug|Any CPU.ActiveCfg = Debug|Any CPU
		{9C4420A9-EABE-45EB-9D8D-96C4D2D27228}.Debug|Any CPU.Build.0 = Debug|Any CPU
		{9C4420A9-EABE-45EB-9D8D-96C4D2D27228}.Release|Any CPU.ActiveCfg = Release|Any CPU
		{9C4420A9-EABE-45EB-9D8D-96C4D2D27228}.Release|Any CPU.Build.0 = Release|Any CPU
	EndGlobalSection
	GlobalSection(SolutionProperties) = preSolution
		HideSolutionNode = FALSE
	EndGlobalSection
	GlobalSection(ExtensibilityGlobals) = postSolution
		SolutionGuid = {26525F39-A82F-423D-86B1-088382873CC3}
	EndGlobalSection
EndGlobal
