
Microsoft Visual Studio Solution File, Format Version 12.00
# Visual Studio Version 17
VisualStudioVersion = 17.7.34031.279
MinimumVisualStudioVersion = 10.0.40219.1
Project("{FAE04EC0-301F-11D3-BF4B-00C04F79EFBC}") = "Demo86 - LINQIntroduction", "Demo86 - LINQIntroduction\Demo86 - LINQIntroduction.csproj", "{99F176DB-7C30-430E-BDC9-ABAE00504D66}"
EndProject
Global
	GlobalSection(SolutionConfigurationPlatforms) = preSolution
		Debug|Any CPU = Debug|Any CPU
		Release|Any CPU = Release|Any CPU
	EndGlobalSection
	GlobalSection(ProjectConfigurationPlatforms) = postSolution
		{99F176DB-7C30-430E-BDC9-ABAE00504D66}.Debug|Any CPU.ActiveCfg = Debug|Any CPU
		{99F176DB-7C30-430E-BDC9-ABAE00504D66}.Debug|Any CPU.Build.0 = Debug|Any CPU
		{99F176DB-7C30-430E-BDC9-ABAE00504D66}.Release|Any CPU.ActiveCfg = Release|Any CPU
		{99F176DB-7C30-430E-BDC9-ABAE00504D66}.Release|Any CPU.Build.0 = Release|Any CPU
	EndGlobalSection
	GlobalSection(SolutionProperties) = preSolution
		HideSolutionNode = FALSE
	EndGlobalSection
	GlobalSection(ExtensibilityGlobals) = postSolution
		SolutionGuid = {35B383EC-F780-4025-8E56-33D9E91667A7}
	EndGlobalSection
EndGlobal
