
Microsoft Visual Studio Solution File, Format Version 12.00
# Visual Studio Version 17
VisualStudioVersion = 17.6.33829.357
MinimumVisualStudioVersion = 10.0.40219.1
Project("{FAE04EC0-301F-11D3-BF4B-00C04F79EFBC}") = "Demo60 - Structs", "Demo60 - Structs\Demo60 - Structs.csproj", "{36CDB4AA-B7EC-4B05-97E5-7EF4669215E4}"
EndProject
Global
	GlobalSection(SolutionConfigurationPlatforms) = preSolution
		Debug|Any CPU = Debug|Any CPU
		Release|Any CPU = Release|Any CPU
	EndGlobalSection
	GlobalSection(ProjectConfigurationPlatforms) = postSolution
		{36CDB4AA-B7EC-4B05-97E5-7EF4669215E4}.Debug|Any CPU.ActiveCfg = Debug|Any CPU
		{36CDB4AA-B7EC-4B05-97E5-7EF4669215E4}.Debug|Any CPU.Build.0 = Debug|Any CPU
		{36CDB4AA-B7EC-4B05-97E5-7EF4669215E4}.Release|Any CPU.ActiveCfg = Release|Any CPU
		{36CDB4AA-B7EC-4B05-97E5-7EF4669215E4}.Release|Any CPU.Build.0 = Release|Any CPU
	EndGlobalSection
	GlobalSection(SolutionProperties) = preSolution
		HideSolutionNode = FALSE
	EndGlobalSection
	GlobalSection(ExtensibilityGlobals) = postSolution
		SolutionGuid = {1822DC87-12C2-4C1C-A4FD-1C0595093215}
	EndGlobalSection
EndGlobal
