
Microsoft Visual Studio Solution File, Format Version 12.00
# Visual Studio Version 17
VisualStudioVersion = 17.8.34511.84
MinimumVisualStudioVersion = 10.0.40219.1
Project("{FAE04EC0-301F-11D3-BF4B-00C04F79EFBC}") = "Demo112 - WPFLayouts_DockPanel", "Demo112 - WPFLayouts_DockPanel\Demo112 - WPFLayouts_DockPanel.csproj", "{3100C748-D51E-4DCD-9D3E-645BCC87B4AA}"
EndProject
Global
	GlobalSection(SolutionConfigurationPlatforms) = preSolution
		Debug|Any CPU = Debug|Any CPU
		Release|Any CPU = Release|Any CPU
	EndGlobalSection
	GlobalSection(ProjectConfigurationPlatforms) = postSolution
		{3100C748-D51E-4DCD-9D3E-645BCC87B4AA}.Debug|Any CPU.ActiveCfg = Debug|Any CPU
		{3100C748-D51E-4DCD-9D3E-645BCC87B4AA}.Debug|Any CPU.Build.0 = Debug|Any CPU
		{3100C748-D51E-4DCD-9D3E-645BCC87B4AA}.Release|Any CPU.ActiveCfg = Release|Any CPU
		{3100C748-D51E-4DCD-9D3E-645BCC87B4AA}.Release|Any CPU.Build.0 = Release|Any CPU
	EndGlobalSection
	GlobalSection(SolutionProperties) = preSolution
		HideSolutionNode = FALSE
	EndGlobalSection
	GlobalSection(ExtensibilityGlobals) = postSolution
		SolutionGuid = {56DAEDF1-B5F9-4CF0-AEE4-0E0E94C52D6D}
	EndGlobalSection
EndGlobal
