
Microsoft Visual Studio Solution File, Format Version 12.00
# Visual Studio Version 17
VisualStudioVersion = 17.9.34701.34
MinimumVisualStudioVersion = 10.0.40219.1
Project("{FAE04EC0-301F-11D3-BF4B-00C04F79EFBC}") = "Demo120 - WorkingWithFilesAndFolders", "Demo120 - WorkingWithFilesAndFolders\Demo120 - WorkingWithFilesAndFolders.csproj", "{03FACE4B-3782-4A2C-89C9-31C59C2FB885}"
EndProject
Global
	GlobalSection(SolutionConfigurationPlatforms) = preSolution
		Debug|Any CPU = Debug|Any CPU
		Release|Any CPU = Release|Any CPU
	EndGlobalSection
	GlobalSection(ProjectConfigurationPlatforms) = postSolution
		{03FACE4B-3782-4A2C-89C9-31C59C2FB885}.Debug|Any CPU.ActiveCfg = Debug|Any CPU
		{03FACE4B-3782-4A2C-89C9-31C59C2FB885}.Debug|Any CPU.Build.0 = Debug|Any CPU
		{03FACE4B-3782-4A2C-89C9-31C59C2FB885}.Release|Any CPU.ActiveCfg = Release|Any CPU
		{03FACE4B-3782-4A2C-89C9-31C59C2FB885}.Release|Any CPU.Build.0 = Release|Any CPU
	EndGlobalSection
	GlobalSection(SolutionProperties) = preSolution
		HideSolutionNode = FALSE
	EndGlobalSection
	GlobalSection(ExtensibilityGlobals) = postSolution
		SolutionGuid = {E04DFEA1-5D66-4813-B3C7-39E651B30EAE}
	EndGlobalSection
EndGlobal
