
Microsoft Visual Studio Solution File, Format Version 12.00
# Visual Studio Version 17
VisualStudioVersion = 17.7.34031.279
MinimumVisualStudioVersion = 10.0.40219.1
Project("{FAE04EC0-301F-11D3-BF4B-00C04F79EFBC}") = "Demo85 - SimpleLoginApp", "Demo85 - SimpleLoginApp\Demo85 - SimpleLoginApp.csproj", "{DDBC7C7F-631C-4DF7-A18B-0C44F2B21F63}"
EndProject
Global
	GlobalSection(SolutionConfigurationPlatforms) = preSolution
		Debug|Any CPU = Debug|Any CPU
		Release|Any CPU = Release|Any CPU
	EndGlobalSection
	GlobalSection(ProjectConfigurationPlatforms) = postSolution
		{DDBC7C7F-631C-4DF7-A18B-0C44F2B21F63}.Debug|Any CPU.ActiveCfg = Debug|Any CPU
		{DDBC7C7F-631C-4DF7-A18B-0C44F2B21F63}.Debug|Any CPU.Build.0 = Debug|Any CPU
		{DDBC7C7F-631C-4DF7-A18B-0C44F2B21F63}.Release|Any CPU.ActiveCfg = Release|Any CPU
		{DDBC7C7F-631C-4DF7-A18B-0C44F2B21F63}.Release|Any CPU.Build.0 = Release|Any CPU
	EndGlobalSection
	GlobalSection(SolutionProperties) = preSolution
		HideSolutionNode = FALSE
	EndGlobalSection
	GlobalSection(ExtensibilityGlobals) = postSolution
		SolutionGuid = {053F1778-4CB1-458A-84BF-D1D0E54430FF}
	EndGlobalSection
EndGlobal
