
Microsoft Visual Studio Solution File, Format Version 12.00
# Visual Studio Version 17
VisualStudioVersion = 17.8.34511.84
MinimumVisualStudioVersion = 10.0.40219.1
Project("{9A19103F-16F7-4668-BE54-9A1E7A4F7556}") = "Demo117 - WPFEvents", "Demo117 - WPFEvents\Demo117 - WPFEvents.csproj", "{24DC73AE-78CB-463C-9A2A-82454A00C0CD}"
EndProject
Global
	GlobalSection(SolutionConfigurationPlatforms) = preSolution
		Debug|Any CPU = Debug|Any CPU
		Release|Any CPU = Release|Any CPU
	EndGlobalSection
	GlobalSection(ProjectConfigurationPlatforms) = postSolution
		{24DC73AE-78CB-463C-9A2A-82454A00C0CD}.Debug|Any CPU.ActiveCfg = Debug|Any CPU
		{24DC73AE-78CB-463C-9A2A-82454A00C0CD}.Debug|Any CPU.Build.0 = Debug|Any CPU
		{24DC73AE-78CB-463C-9A2A-82454A00C0CD}.Release|Any CPU.ActiveCfg = Release|Any CPU
		{24DC73AE-78CB-463C-9A2A-82454A00C0CD}.Release|Any CPU.Build.0 = Release|Any CPU
	EndGlobalSection
	GlobalSection(SolutionProperties) = preSolution
		HideSolutionNode = FALSE
	EndGlobalSection
	GlobalSection(ExtensibilityGlobals) = postSolution
		SolutionGuid = {3F751359-6FBF-4BE1-AE90-F25CAD467F8B}
	EndGlobalSection
EndGlobal
