
Microsoft Visual Studio Solution File, Format Version 12.00
# Visual Studio Version 17
VisualStudioVersion = 17.3.32804.467
MinimumVisualStudioVersion = 10.0.40219.1
Project("{FAE04EC0-301F-11D3-BF4B-00C04F79EFBC}") = "Demo02 - VisualStudioFirstApp", "Demo02 - VisualStudioFirstApp\Demo02 - VisualStudioFirstApp.csproj", "{B435A43A-65F8-4A27-966C-D30D30258C1E}"
EndProject
Global
	GlobalSection(SolutionConfigurationPlatforms) = preSolution
		Debug|Any CPU = Debug|Any CPU
		Release|Any CPU = Release|Any CPU
	EndGlobalSection
	GlobalSection(ProjectConfigurationPlatforms) = postSolution
		{B435A43A-65F8-4A27-966C-D30D30258C1E}.Debug|Any CPU.ActiveCfg = Debug|Any CPU
		{B435A43A-65F8-4A27-966C-D30D30258C1E}.Debug|Any CPU.Build.0 = Debug|Any CPU
		{B435A43A-65F8-4A27-966C-D30D30258C1E}.Release|Any CPU.ActiveCfg = Release|Any CPU
		{B435A43A-65F8-4A27-966C-D30D30258C1E}.Release|Any CPU.Build.0 = Release|Any CPU
	EndGlobalSection
	GlobalSection(SolutionProperties) = preSolution
		HideSolutionNode = FALSE
	EndGlobalSection
	GlobalSection(ExtensibilityGlobals) = postSolution
		SolutionGuid = {6F8B4F77-FAB7-4AB8-9C26-F5C7772E04B1}
	EndGlobalSection
EndGlobal
