
Microsoft Visual Studio Solution File, Format Version 12.00
# Visual Studio Version 17
VisualStudioVersion = 17.7.34024.191
MinimumVisualStudioVersion = 10.0.40219.1
Project("{FAE04EC0-301F-11D3-BF4B-00C04F79EFBC}") = "Demo73 - Events", "Demo73 - Events\Demo73 - Events.csproj", "{CAB31725-4D05-434E-B7DE-237A68CFDD2C}"
EndProject
Global
	GlobalSection(SolutionConfigurationPlatforms) = preSolution
		Debug|Any CPU = Debug|Any CPU
		Release|Any CPU = Release|Any CPU
	EndGlobalSection
	GlobalSection(ProjectConfigurationPlatforms) = postSolution
		{CAB31725-4D05-434E-B7DE-237A68CFDD2C}.Debug|Any CPU.ActiveCfg = Debug|Any CPU
		{CAB31725-4D05-434E-B7DE-237A68CFDD2C}.Debug|Any CPU.Build.0 = Debug|Any CPU
		{CAB31725-4D05-434E-B7DE-237A68CFDD2C}.Release|Any CPU.ActiveCfg = Release|Any CPU
		{CAB31725-4D05-434E-B7DE-237A68CFDD2C}.Release|Any CPU.Build.0 = Release|Any CPU
	EndGlobalSection
	GlobalSection(SolutionProperties) = preSolution
		HideSolutionNode = FALSE
	EndGlobalSection
	GlobalSection(ExtensibilityGlobals) = postSolution
		SolutionGuid = {EC1C6D6F-D939-48F1-99E3-56829742DE3B}
	EndGlobalSection
EndGlobal
